// !$*UTF8*$!
{
	archiveVersion = 1;
	classes = {
	};
	objectVersion = 56;
	objects = {

/* Begin PBXBuildFile section */
		1F40DD5A2BB32F9C0068E00C /* AppDelegate.swift in Sources */ = {isa = PBXBuildFile; fileRef = 1F40DD592BB32F9C0068E00C /* AppDelegate.swift */; };
		1F40DD5C2BB32F9C0068E00C /* GameScene.sks in Resources */ = {isa = PBXBuildFile; fileRef = 1F40DD5B2BB32F9C0068E00C /* GameScene.sks */; };
		1F40DD5E2BB32F9C0068E00C /* Actions.sks in Resources */ = {isa = PBXBuildFile; fileRef = 1F40DD5D2BB32F9C0068E00C /* Actions.sks */; };
		1F40DD602BB32F9C0068E00C /* GameScene.swift in Sources */ = {isa = PBXBuildFile; fileRef = 1F40DD5F2BB32F9C0068E00C /* GameScene.swift */; };
		1F40DD622BB32F9C0068E00C /* GameViewController.swift in Sources */ = {isa = PBXBuildFile; fileRef = 1F40DD612BB32F9C0068E00C /* GameViewController.swift */; };
		1F40DD652BB32F9C0068E00C /* Main.storyboard in Resources */ = {isa = PBXBuildFile; fileRef = 1F40DD632BB32F9C0068E00C /* Main.storyboard */; };
		1F40DD672BB32F9E0068E00C /* Assets.xcassets in Resources */ = {isa = PBXBuildFile; fileRef = 1F40DD662BB32F9E0068E00C /* Assets.xcassets */; };
		1F40DD6A2BB32F9E0068E00C /* LaunchScreen.storyboard in Resources */ = {isa = PBXBuildFile; fileRef = 1F40DD682BB32F9E0068E00C /* LaunchScreen.storyboard */; };
		1F40DD742BB32F9E0068E00C /* Space_ShooterTests.swift in Sources */ = {isa = PBXBuildFile; fileRef = 1F40DD732BB32F9E0068E00C /* Space_ShooterTests.swift */; };
		1F40DD7E2BB32F9E0068E00C /* Space_ShooterUITests.swift in Sources */ = {isa = PBXBuildFile; fileRef = 1F40DD7D2BB32F9E0068E00C /* Space_ShooterUITests.swift */; };
		1F40DD802BB32F9E0068E00C /* Space_ShooterUITestsLaunchTests.swift in Sources */ = {isa = PBXBuildFile; fileRef = 1F40DD7F2BB32F9E0068E00C /* Space_ShooterUITestsLaunchTests.swift */; };
		1F40DD8E2BB33C030068E00C /* torpedo.mp3 in Resources */ = {isa = PBXBuildFile; fileRef = 1F40DD8C2BB33C030068E00C /* torpedo.mp3 */; };
		1F40DD8F2BB33C030068E00C /* explosion.mp3 in Resources */ = {isa = PBXBuildFile; fileRef = 1F40DD8D2BB33C030068E00C /* explosion.mp3 */; };
		1F40DD942BB33DD80068E00C /* Explosion.sks in Resources */ = {isa = PBXBuildFile; fileRef = 1F40DD922BB33DD80068E00C /* Explosion.sks */; };
		1F40DD952BB33DD80068E00C /* Starfield.sks in Resources */ = {isa = PBXBuildFile; fileRef = 1F40DD932BB33DD80068E00C /* Starfield.sks */; };
/* End PBXBuildFile section */

/* Begin PBXContainerItemProxy section */
		1F40DD702BB32F9E0068E00C /* PBXContainerItemProxy */ = {
			isa = PBXContainerItemProxy;
			containerPortal = 1F40DD4E2BB32F9C0068E00C /* Project object */;
			proxyType = 1;
			remoteGlobalIDString = 1F40DD552BB32F9C0068E00C;
			remoteInfo = "Space Shooter";
		};
		1F40DD7A2BB32F9E0068E00C /* PBXContainerItemProxy */ = {
			isa = PBXContainerItemProxy;
			containerPortal = 1F40DD4E2BB32F9C0068E00C /* Project object */;
			proxyType = 1;
			remoteGlobalIDString = 1F40DD552BB32F9C0068E00C;
			remoteInfo = "Space Shooter";
		};
/* End PBXContainerItemProxy section */

/* Begin PBXFileReference section */
		1F40DD562BB32F9C0068E00C /* Space Shooter.app */ = {isa = PBXFileReference; explicitFileType = wrapper.application; includeInIndex = 0; path = "Space Shooter.app"; sourceTree = BUILT_PRODUCTS_DIR; };
		1F40DD592BB32F9C0068E00C /* AppDelegate.swift */ = {isa = PBXFileReference; lastKnownFileType = sourcecode.swift; path = AppDelegate.swift; sourceTree = "<group>"; };
		1F40DD5B2BB32F9C0068E00C /* GameScene.sks */ = {isa = PBXFileReference; lastKnownFileType = file.sks; path = GameScene.sks; sourceTree = "<group>"; };
		1F40DD5D2BB32F9C0068E00C /* Actions.sks */ = {isa = PBXFileReference; lastKnownFileType = file.sks; path = Actions.sks; sourceTree = "<group>"; };
		1F40DD5F2BB32F9C0068E00C /* GameScene.swift */ = {isa = PBXFileReference; lastKnownFileType = sourcecode.swift; path = GameScene.swift; sourceTree = "<group>"; };
		1F40DD612BB32F9C0068E00C /* GameViewController.swift */ = {isa = PBXFileReference; lastKnownFileType = sourcecode.swift; path = GameViewController.swift; sourceTree = "<group>"; };
		1F40DD642BB32F9C0068E00C /* Base */ = {isa = PBXFileReference; lastKnownFileType = file.storyboard; name = Base; path = Base.lproj/Main.storyboard; sourceTree = "<group>"; };
		1F40DD662BB32F9E0068E00C /* Assets.xcassets */ = {isa = PBXFileReference; lastKnownFileType = folder.assetcatalog; path = Assets.xcassets; sourceTree = "<group>"; };
		1F40DD692BB32F9E0068E00C /* Base */ = {isa = PBXFileReference; lastKnownFileType = file.storyboard; name = Base; path = Base.lproj/LaunchScreen.storyboard; sourceTree = "<group>"; };
		1F40DD6F2BB32F9E0068E00C /* Space ShooterTests.xctest */ = {isa = PBXFileReference; explicitFileType = wrapper.cfbundle; includeInIndex = 0; path = "Space ShooterTests.xctest"; sourceTree = BUILT_PRODUCTS_DIR; };
		1F40DD732BB32F9E0068E00C /* Space_ShooterTests.swift */ = {isa = PBXFileReference; lastKnownFileType = sourcecode.swift; path = Space_ShooterTests.swift; sourceTree = "<group>"; };
		1F40DD792BB32F9E0068E00C /* Space ShooterUITests.xctest */ = {isa = PBXFileReference; explicitFileType = wrapper.cfbundle; includeInIndex = 0; path = "Space ShooterUITests.xctest"; sourceTree = BUILT_PRODUCTS_DIR; };
		1F40DD7D2BB32F9E0068E00C /* Space_ShooterUITests.swift */ = {isa = PBXFileReference; lastKnownFileType = sourcecode.swift; path = Space_ShooterUITests.swift; sourceTree = "<group>"; };
		1F40DD7F2BB32F9E0068E00C /* Space_ShooterUITestsLaunchTests.swift */ = {isa = PBXFileReference; lastKnownFileType = sourcecode.swift; path = Space_ShooterUITestsLaunchTests.swift; sourceTree = "<group>"; };
		1F40DD8C2BB33C030068E00C /* torpedo.mp3 */ = {isa = PBXFileReference; lastKnownFileType = audio.mp3; path = torpedo.mp3; sourceTree = "<group>"; };
		1F40DD8D2BB33C030068E00C /* explosion.mp3 */ = {isa = PBXFileReference; lastKnownFileType = audio.mp3; path = explosion.mp3; sourceTree = "<group>"; };
		1F40DD922BB33DD80068E00C /* Explosion.sks */ = {isa = PBXFileReference; lastKnownFileType = file.sks; path = Explosion.sks; sourceTree = "<group>"; };
		1F40DD932BB33DD80068E00C /* Starfield.sks */ = {isa = PBXFileReference; lastKnownFileType = file.sks; path = Starfield.sks; sourceTree = "<group>"; };
/* End PBXFileReference section */

/* Begin PBXFrameworksBuildPhase section */
		1F40DD532BB32F9C0068E00C /* Frameworks */ = {
			isa = PBXFrameworksBuildPhase;
			buildActionMask = 2147483647;
			files = (
			);
			runOnlyForDeploymentPostprocessing = 0;
		};
		1F40DD6C2BB32F9E0068E00C /* Frameworks */ = {
			isa = PBXFrameworksBuildPhase;
			buildActionMask = 2147483647;
			files = (
			);
			runOnlyForDeploymentPostprocessing = 0;
		};
		1F40DD762BB32F9E0068E00C /* Frameworks */ = {
			isa = PBXFrameworksBuildPhase;
			buildActionMask = 2147483647;
			files = (
			);
			runOnlyForDeploymentPostprocessing = 0;
		};
/* End PBXFrameworksBuildPhase section */

/* Begin PBXGroup section */
		1F40DD4D2BB32F9C0068E00C = {
			isa = PBXGroup;
			children = (
				1F40DD582BB32F9C0068E00C /* Space Shooter */,
				1F40DD722BB32F9E0068E00C /* Space ShooterTests */,
				1F40DD7C2BB32F9E0068E00C /* Space ShooterUITests */,
				1F40DD572BB32F9C0068E00C /* Products */,
			);
			sourceTree = "<group>";
		};
		1F40DD572BB32F9C0068E00C /* Products */ = {
			isa = PBXGroup;
			children = (
				1F40DD562BB32F9C0068E00C /* Space Shooter.app */,
				1F40DD6F2BB32F9E0068E00C /* Space ShooterTests.xctest */,
				1F40DD792BB32F9E0068E00C /* Space ShooterUITests.xctest */,
			);
			name = Products;
			sourceTree = "<group>";
		};
		1F40DD582BB32F9C0068E00C /* Space Shooter */ = {
			isa = PBXGroup;
			children = (
				1F40DD922BB33DD80068E00C /* Explosion.sks */,
				1F40DD932BB33DD80068E00C /* Starfield.sks */,
				1F40DD8D2BB33C030068E00C /* explosion.mp3 */,
				1F40DD8C2BB33C030068E00C /* torpedo.mp3 */,
				1F40DD592BB32F9C0068E00C /* AppDelegate.swift */,
				1F40DD5B2BB32F9C0068E00C /* GameScene.sks */,
				1F40DD5D2BB32F9C0068E00C /* Actions.sks */,
				1F40DD5F2BB32F9C0068E00C /* GameScene.swift */,
				1F40DD612BB32F9C0068E00C /* GameViewController.swift */,
				1F40DD632BB32F9C0068E00C /* Main.storyboard */,
				1F40DD662BB32F9E0068E00C /* Assets.xcassets */,
				1F40DD682BB32F9E0068E00C /* LaunchScreen.storyboard */,
			);
			path = "Space Shooter";
			sourceTree = "<group>";
		};
		1F40DD722BB32F9E0068E00C /* Space ShooterTests */ = {
			isa = PBXGroup;
			children = (
				1F40DD732BB32F9E0068E00C /* Space_ShooterTests.swift */,
			);
			path = "Space ShooterTests";
			sourceTree = "<group>";
		};
		1F40DD7C2BB32F9E0068E00C /* Space ShooterUITests */ = {
			isa = PBXGroup;
			children = (
				1F40DD7D2BB32F9E0068E00C /* Space_ShooterUITests.swift */,
				1F40DD7F2BB32F9E0068E00C /* Space_ShooterUITestsLaunchTests.swift */,
			);
			path = "Space ShooterUITests";
			sourceTree = "<group>";
		};
/* End PBXGroup section */

/* Begin PBXNativeTarget section */
		1F40DD552BB32F9C0068E00C /* Space Shooter */ = {
			isa = PBXNativeTarget;
			buildConfigurationList = 1F40DD832BB32F9E0068E00C /* Build configuration list for PBXNativeTarget "Space Shooter" */;
			buildPhases = (
				1F40DD522BB32F9C0068E00C /* Sources */,
				1F40DD532BB32F9C0068E00C /* Frameworks */,
				1F40DD542BB32F9C0068E00C /* Resources */,
			);
			buildRules = (
			);
			dependencies = (
			);
			name = "Space Shooter";
			productName = "Space Shooter";
			productReference = 1F40DD562BB32F9C0068E00C /* Space Shooter.app */;
			productType = "com.apple.product-type.application";
		};
		1F40DD6E2BB32F9E0068E00C /* Space ShooterTests */ = {
			isa = PBXNativeTarget;
			buildConfigurationList = 1F40DD862BB32F9E0068E00C /* Build configuration list for PBXNativeTarget "Space ShooterTests" */;
			buildPhases = (
				1F40DD6B2BB32F9E0068E00C /* Sources */,
				1F40DD6C2BB32F9E0068E00C /* Frameworks */,
				1F40DD6D2BB32F9E0068E00C /* Resources */,
			);
			buildRules = (
			);
			dependencies = (
				1F40DD712BB32F9E0068E00C /* PBXTargetDependency */,
			);
			name = "Space ShooterTests";
			productName = "Space ShooterTests";
			productReference = 1F40DD6F2BB32F9E0068E00C /* Space ShooterTests.xctest */;
			productType = "com.apple.product-type.bundle.unit-test";
		};
		1F40DD782BB32F9E0068E00C /* Space ShooterUITests */ = {
			isa = PBXNativeTarget;
			buildConfigurationList = 1F40DD892BB32F9E0068E00C /* Build configuration list for PBXNativeTarget "Space ShooterUITests" */;
			buildPhases = (
				1F40DD752BB32F9E0068E00C /* Sources */,
				1F40DD762BB32F9E0068E00C /* Frameworks */,
				1F40DD772BB32F9E0068E00C /* Resources */,
			);
			buildRules = (
			);
			dependencies = (
				1F40DD7B2BB32F9E0068E00C /* PBXTargetDependency */,
			);
			name = "Space ShooterUITests";
			productName = "Space ShooterUITests";
			productReference = 1F40DD792BB32F9E0068E00C /* Space ShooterUITests.xctest */;
			productType = "com.apple.product-type.bundle.ui-testing";
		};
/* End PBXNativeTarget section */

/* Begin PBXProject section */
		1F40DD4E2BB32F9C0068E00C /* Project object */ = {
			isa = PBXProject;
			attributes = {
				BuildIndependentTargetsInParallel = 1;
				LastSwiftUpdateCheck = 1500;
				LastUpgradeCheck = 1500;
				TargetAttributes = {
					1F40DD552BB32F9C0068E00C = {
						CreatedOnToolsVersion = 15.0.1;
					};
					1F40DD6E2BB32F9E0068E00C = {
						CreatedOnToolsVersion = 15.0.1;
						TestTargetID = 1F40DD552BB32F9C0068E00C;
					};
					1F40DD782BB32F9E0068E00C = {
						CreatedOnToolsVersion = 15.0.1;
						TestTargetID = 1F40DD552BB32F9C0068E00C;
					};
				};
			};
			buildConfigurationList = 1F40DD512BB32F9C0068E00C /* Build configuration list for PBXProject "Space Shooter" */;
			compatibilityVersion = "Xcode 14.0";
			developmentRegion = en;
			hasScannedForEncodings = 0;
			knownRegions = (
				en,
				Base,
			);
			mainGroup = 1F40DD4D2BB32F9C0068E00C;
			productRefGroup = 1F40DD572BB32F9C0068E00C /* Products */;
			projectDirPath = "";
			projectRoot = "";
			targets = (
				1F40DD552BB32F9C0068E00C /* Space Shooter */,
				1F40DD6E2BB32F9E0068E00C /* Space ShooterTests */,
				1F40DD782BB32F9E0068E00C /* Space ShooterUITests */,
			);
		};
/* End PBXProject section */

/* Begin PBXResourcesBuildPhase section */
		1F40DD542BB32F9C0068E00C /* Resources */ = {
			isa = PBXResourcesBuildPhase;
			buildActionMask = 2147483647;
			files = (
				1F40DD652BB32F9C0068E00C /* Main.storyboard in Resources */,
				1F40DD5C2BB32F9C0068E00C /* GameScene.sks in Resources */,
				1F40DD672BB32F9E0068E00C /* Assets.xcassets in Resources */,
				1F40DD6A2BB32F9E0068E00C /* LaunchScreen.storyboard in Resources */,
				1F40DD8F2BB33C030068E00C /* explosion.mp3 in Resources */,
				1F40DD942BB33DD80068E00C /* Explosion.sks in Resources */,
				1F40DD952BB33DD80068E00C /* Starfield.sks in Resources */,
				1F40DD8E2BB33C030068E00C /* torpedo.mp3 in Resources */,
				1F40DD5E2BB32F9C0068E00C /* Actions.sks in Resources */,
			);
			runOnlyForDeploymentPostprocessing = 0;
		};
		1F40DD6D2BB32F9E0068E00C /* Resources */ = {
			isa = PBXResourcesBuildPhase;
			buildActionMask = 2147483647;
			files = (
			);
			runOnlyForDeploymentPostprocessing = 0;
		};
		1F40DD772BB32F9E0068E00C /* Resources */ = {
			isa = PBXResourcesBuildPhase;
			buildActionMask = 2147483647;
			files = (
			);
			runOnlyForDeploymentPostprocessing = 0;
		};
/* End PBXResourcesBuildPhase section */

/* Begin PBXSourcesBuildPhase section */
		1F40DD522BB32F9C0068E00C /* Sources */ = {
			isa = PBXSourcesBuildPhase;
			buildActionMask = 2147483647;
			files = (
				1F40DD602BB32F9C0068E00C /* GameScene.swift in Sources */,
				1F40DD622BB32F9C0068E00C /* GameViewController.swift in Sources */,
				1F40DD5A2BB32F9C0068E00C /* AppDelegate.swift in Sources */,
			);
			runOnlyForDeploymentPostprocessing = 0;
		};
		1F40DD6B2BB32F9E0068E00C /* Sources */ = {
			isa = PBXSourcesBuildPhase;
			buildActionMask = 2147483647;
			files = (
				1F40DD742BB32F9E0068E00C /* Space_ShooterTests.swift in Sources */,
			);
			runOnlyForDeploymentPostprocessing = 0;
		};
		1F40DD752BB32F9E0068E00C /* Sources */ = {
			isa = PBXSourcesBuildPhase;
			buildActionMask = 2147483647;
			files = (
				1F40DD802BB32F9E0068E00C /* Space_ShooterUITestsLaunchTests.swift in Sources */,
				1F40DD7E2BB32F9E0068E00C /* Space_ShooterUITests.swift in Sources */,
			);
			runOnlyForDeploymentPostprocessing = 0;
		};
/* End PBXSourcesBuildPhase section */

/* Begin PBXTargetDependency section */
		1F40DD712BB32F9E0068E00C /* PBXTargetDependency */ = {
			isa = PBXTargetDependency;
			target = 1F40DD552BB32F9C0068E00C /* Space Shooter */;
			targetProxy = 1F40DD702BB32F9E0068E00C /* PBXContainerItemProxy */;
		};
		1F40DD7B2BB32F9E0068E00C /* PBXTargetDependency */ = {
			isa = PBXTargetDependency;
			target = 1F40DD552BB32F9C0068E00C /* Space Shooter */;
			targetProxy = 1F40DD7A2BB32F9E0068E00C /* PBXContainerItemProxy */;
		};
/* End PBXTargetDependency section */

/* Begin PBXVariantGroup section */
		1F40DD632BB32F9C0068E00C /* Main.storyboard */ = {
			isa = PBXVariantGroup;
			children = (
				1F40DD642BB32F9C0068E00C /* Base */,
			);
			name = Main.storyboard;
			sourceTree = "<group>";
		};
		1F40DD682BB32F9E0068E00C /* LaunchScreen.storyboard */ = {
			isa = PBXVariantGroup;
			children = (
				1F40DD692BB32F9E0068E00C /* Base */,
			);
			name = LaunchScreen.storyboard;
			sourceTree = "<group>";
		};
/* End PBXVariantGroup section */

/* Begin XCBuildConfiguration section */
		1F40DD812BB32F9E0068E00C /* Debug */ = {
			isa = XCBuildConfiguration;
			buildSettings = {
				ALWAYS_SEARCH_USER_PATHS = NO;
				ASSETCATALOG_COMPILER_GENERATE_SWIFT_ASSET_SYMBOL_EXTENSIONS = YES;
				CLANG_ANALYZER_NONNULL = YES;
				CLANG_ANALYZER_NUMBER_OBJECT_CONVERSION = YES_AGGRESSIVE;
				CLANG_CXX_LANGUAGE_STANDARD = "gnu++20";
				CLANG_ENABLE_MODULES = YES;
				CLANG_ENABLE_OBJC_ARC = YES;
				CLANG_ENABLE_OBJC_WEAK = YES;
				CLANG_WARN_BLOCK_CAPTURE_AUTORELEASING = YES;
				CLANG_WARN_BOOL_CONVERSION = YES;
				CLANG_WARN_COMMA = YES;
				CLANG_WARN_CONSTANT_CONVERSION = YES;
				CLANG_WARN_DEPRECATED_OBJC_IMPLEMENTATIONS = YES;
				CLANG_WARN_DIRECT_OBJC_ISA_USAGE = YES_ERROR;
				CLANG_WARN_DOCUMENTATION_COMMENTS = YES;
				CLANG_WARN_EMPTY_BODY = YES;
				CLANG_WARN_ENUM_CONVERSION = YES;
				CLANG_WARN_INFINITE_RECURSION = YES;
				CLANG_WARN_INT_CONVERSION = YES;
				CLANG_WARN_NON_LITERAL_NULL_CONVERSION = YES;
				CLANG_WARN_OBJC_IMPLICIT_RETAIN_SELF = YES;
				CLANG_WARN_OBJC_LITERAL_CONVERSION = YES;
				CLANG_WARN_OBJC_ROOT_CLASS = YES_ERROR;
				CLANG_WARN_QUOTED_INCLUDE_IN_FRAMEWORK_HEADER = YES;
				CLANG_WARN_RANGE_LOOP_ANALYSIS = YES;
				CLANG_WARN_STRICT_PROTOTYPES = YES;
				CLANG_WARN_SUSPICIOUS_MOVE = YES;
				CLANG_WARN_UNGUARDED_AVAILABILITY = YES_AGGRESSIVE;
				CLANG_WARN_UNREACHABLE_CODE = YES;
				CLANG_WARN__DUPLICATE_METHOD_MATCH = YES;
				COPY_PHASE_STRIP = NO;
				DEBUG_INFORMATION_FORMAT = dwarf;
				ENABLE_STRICT_OBJC_MSGSEND = YES;
				ENABLE_TESTABILITY = YES;
				ENABLE_USER_SCRIPT_SANDBOXING = YES;
				GCC_C_LANGUAGE_STANDARD = gnu17;
				GCC_DYNAMIC_NO_PIC = NO;
				GCC_NO_COMMON_BLOCKS = YES;
				GCC_OPTIMIZATION_LEVEL = 0;
				GCC_PREPROCESSOR_DEFINITIONS = (
					"DEBUG=1",
					"$(inherited)",
				);
				GCC_WARN_64_TO_32_BIT_CONVERSION = YES;
				GCC_WARN_ABOUT_RETURN_TYPE = YES_ERROR;
				GCC_WARN_UNDECLARED_SELECTOR = YES;
				GCC_WARN_UNINITIALIZED_AUTOS = YES_AGGRESSIVE;
				GCC_WARN_UNUSED_FUNCTION = YES;
				GCC_WARN_UNUSED_VARIABLE = YES;
				IPHONEOS_DEPLOYMENT_TARGET = 17.0;
				LOCALIZATION_PREFERS_STRING_CATALOGS = YES;
				MTL_ENABLE_DEBUG_INFO = INCLUDE_SOURCE;
				MTL_FAST_MATH = YES;
				ONLY_ACTIVE_ARCH = YES;
				SDKROOT = iphoneos;
				SWIFT_ACTIVE_COMPILATION_CONDITIONS = "DEBUG $(inherited)";
				SWIFT_OPTIMIZATION_LEVEL = "-Onone";
			};
			name = Debug;
		};
		1F40DD822BB32F9E0068E00C /* Release */ = {
			isa = XCBuildConfiguration;
			buildSettings = {
				ALWAYS_SEARCH_USER_PATHS = NO;
				ASSETCATALOG_COMPILER_GENERATE_SWIFT_ASSET_SYMBOL_EXTENSIONS = YES;
				CLANG_ANALYZER_NONNULL = YES;
				CLANG_ANALYZER_NUMBER_OBJECT_CONVERSION = YES_AGGRESSIVE;
				CLANG_CXX_LANGUAGE_STANDARD = "gnu++20";
				CLANG_ENABLE_MODULES = YES;
				CLANG_ENABLE_OBJC_ARC = YES;
				CLANG_ENABLE_OBJC_WEAK = YES;
				CLANG_WARN_BLOCK_CAPTURE_AUTORELEASING = YES;
				CLANG_WARN_BOOL_CONVERSION = YES;
				CLANG_WARN_COMMA = YES;
				CLANG_WARN_CONSTANT_CONVERSION = YES;
				CLANG_WARN_DEPRECATED_OBJC_IMPLEMENTATIONS = YES;
				CLANG_WARN_DIRECT_OBJC_ISA_USAGE = YES_ERROR;
				CLANG_WARN_DOCUMENTATION_COMMENTS = YES;
				CLANG_WARN_EMPTY_BODY = YES;
				CLANG_WARN_ENUM_CONVERSION = YES;
				CLANG_WARN_INFINITE_RECURSION = YES;
				CLANG_WARN_INT_CONVERSION = YES;
				CLANG_WARN_NON_LITERAL_NULL_CONVERSION = YES;
				CLANG_WARN_OBJC_IMPLICIT_RETAIN_SELF = YES;
				CLANG_WARN_OBJC_LITERAL_CONVERSION = YES;
				CLANG_WARN_OBJC_ROOT_CLASS = YES_ERROR;
				CLANG_WARN_QUOTED_INCLUDE_IN_FRAMEWORK_HEADER = YES;
				CLANG_WARN_RANGE_LOOP_ANALYSIS = YES;
				CLANG_WARN_STRICT_PROTOTYPES = YES;
				CLANG_WARN_SUSPICIOUS_MOVE = YES;
				CLANG_WARN_UNGUARDED_AVAILABILITY = YES_AGGRESSIVE;
				CLANG_WARN_UNREACHABLE_CODE = YES;
				CLANG_WARN__DUPLICATE_METHOD_MATCH = YES;
				COPY_PHASE_STRIP = NO;
				DEBUG_INFORMATION_FORMAT = "dwarf-with-dsym";
				ENABLE_NS_ASSERTIONS = NO;
				ENABLE_STRICT_OBJC_MSGSEND = YES;
				ENABLE_USER_SCRIPT_SANDBOXING = YES;
				GCC_C_LANGUAGE_STANDARD = gnu17;
				GCC_NO_COMMON_BLOCKS = YES;
				GCC_WARN_64_TO_32_BIT_CONVERSION = YES;
				GCC_WARN_ABOUT_RETURN_TYPE = YES_ERROR;
				GCC_WARN_UNDECLARED_SELECTOR = YES;
				GCC_WARN_UNINITIALIZED_AUTOS = YES_AGGRESSIVE;
				GCC_WARN_UNUSED_FUNCTION = YES;
				GCC_WARN_UNUSED_VARIABLE = YES;
				IPHONEOS_DEPLOYMENT_TARGET = 17.0;
				LOCALIZATION_PREFERS_STRING_CATALOGS = YES;
				MTL_ENABLE_DEBUG_INFO = NO;
				MTL_FAST_MATH = YES;
				SDKROOT = iphoneos;
				SWIFT_COMPILATION_MODE = wholemodule;
				VALIDATE_PRODUCT = YES;
			};
			name = Release;
		};
		1F40DD842BB32F9E0068E00C /* Debug */ = {
			isa = XCBuildConfiguration;
			buildSettings = {
				ASSETCATALOG_COMPILER_APPICON_NAME = AppIcon;
				ASSETCATALOG_COMPILER_GLOBAL_ACCENT_COLOR_NAME = AccentColor;
				CODE_SIGN_STYLE = Automatic;
				CURRENT_PROJECT_VERSION = 1;
				DEVELOPMENT_TEAM = F3639MHLRN;
				GENERATE_INFOPLIST_FILE = YES;
				INFOPLIST_KEY_UIApplicationSupportsIndirectInputEvents = YES;
				INFOPLIST_KEY_UILaunchStoryboardName = LaunchScreen;
				INFOPLIST_KEY_UIMainStoryboardFile = Main;
				INFOPLIST_KEY_UIStatusBarHidden = YES;
				INFOPLIST_KEY_UISupportedInterfaceOrientations_iPad = "UIInterfaceOrientationPortrait UIInterfaceOrientationPortraitUpsideDown UIInterfaceOrientationLandscapeLeft UIInterfaceOrientationLandscapeRight";
				INFOPLIST_KEY_UISupportedInterfaceOrientations_iPhone = "UIInterfaceOrientationPortrait UIInterfaceOrientationLandscapeLeft UIInterfaceOrientationLandscapeRight";
				LD_RUNPATH_SEARCH_PATHS = (
					"$(inherited)",
					"@executable_path/Frameworks",
				);
				MARKETING_VERSION = 1.0;
				PRODUCT_BUNDLE_IDENTIFIER = "viorel.Space-Shooter";
				PRODUCT_NAME = "$(TARGET_NAME)";
				SWIFT_EMIT_LOC_STRINGS = YES;
				SWIFT_VERSION = 5.0;
				TARGETED_DEVICE_FAMILY = "1,2";
			};
			name = Debug;
		};
		1F40DD852BB32F9E0068E00C /* Release */ = {
			isa = XCBuildConfiguration;
			buildSettings = {
				ASSETCATALOG_COMPILER_APPICON_NAME = AppIcon;
				ASSETCATALOG_COMPILER_GLOBAL_ACCENT_COLOR_NAME = AccentColor;
				CODE_SIGN_STYLE = Automatic;
				CURRENT_PROJECT_VERSION = 1;
				DEVELOPMENT_TEAM = F3639MHLRN;
				GENERATE_INFOPLIST_FILE = YES;
				INFOPLIST_KEY_UIApplicationSupportsIndirectInputEvents = YES;
				INFOPLIST_KEY_UILaunchStoryboardName = LaunchScreen;
				INFOPLIST_KEY_UIMainStoryboardFile = Main;
				INFOPLIST_KEY_UIStatusBarHidden = YES;
				INFOPLIST_KEY_UISupportedInterfaceOrientations_iPad = "UIInterfaceOrientationPortrait UIInterfaceOrientationPortraitUpsideDown UIInterfaceOrientationLandscapeLeft UIInterfaceOrientationLandscapeRight";
				INFOPLIST_KEY_UISupportedInterfaceOrientations_iPhone = "UIInterfaceOrientationPortrait UIInterfaceOrientationLandscapeLeft UIInterfaceOrientationLandscapeRight";
				LD_RUNPATH_SEARCH_PATHS = (
					"$(inherited)",
					"@executable_path/Frameworks",
				);
				MARKETING_VERSION = 1.0;
				PRODUCT_BUNDLE_IDENTIFIER = "viorel.Space-Shooter";
				PRODUCT_NAME = "$(TARGET_NAME)";
				SWIFT_EMIT_LOC_STRINGS = YES;
				SWIFT_VERSION = 5.0;
				TARGETED_DEVICE_FAMILY = "1,2";
			};
			name = Release;
		};
		1F40DD872BB32F9E0068E00C /* Debug */ = {
			isa = XCBuildConfiguration;
			buildSettings = {
				ALWAYS_EMBED_SWIFT_STANDARD_LIBRARIES = YES;
				BUNDLE_LOADER = "$(TEST_HOST)";
				CODE_SIGN_STYLE = Automatic;
				CURRENT_PROJECT_VERSION = 1;
				DEVELOPMENT_TEAM = F3639MHLRN;
				GENERATE_INFOPLIST_FILE = YES;
				IPHONEOS_DEPLOYMENT_TARGET = 17.0;
				MARKETING_VERSION = 1.0;
				PRODUCT_BUNDLE_IDENTIFIER = "viorel.Space-ShooterTests";
				PRODUCT_NAME = "$(TARGET_NAME)";
				SWIFT_EMIT_LOC_STRINGS = NO;
				SWIFT_VERSION = 5.0;
				TARGETED_DEVICE_FAMILY = "1,2";
				TEST_HOST = "$(BUILT_PRODUCTS_DIR)/Space Shooter.app/$(BUNDLE_EXECUTABLE_FOLDER_PATH)/Space Shooter";
			};
			name = Debug;
		};
		1F40DD882BB32F9E0068E00C /* Release */ = {
			isa = XCBuildConfiguration;
			buildSettings = {
				ALWAYS_EMBED_SWIFT_STANDARD_LIBRARIES = YES;
				BUNDLE_LOADER = "$(TEST_HOST)";
				CODE_SIGN_STYLE = Automatic;
				CURRENT_PROJECT_VERSION = 1;
				DEVELOPMENT_TEAM = F3639MHLRN;
				GENERATE_INFOPLIST_FILE = YES;
				IPHONEOS_DEPLOYMENT_TARGET = 17.0;
				MARKETING_VERSION = 1.0;
				PRODUCT_BUNDLE_IDENTIFIER = "viorel.Space-ShooterTests";
				PRODUCT_NAME = "$(TARGET_NAME)";
				SWIFT_EMIT_LOC_STRINGS = NO;
				SWIFT_VERSION = 5.0;
				TARGETED_DEVICE_FAMILY = "1,2";
				TEST_HOST = "$(BUILT_PRODUCTS_DIR)/Space Shooter.app/$(BUNDLE_EXECUTABLE_FOLDER_PATH)/Space Shooter";
			};
			name = Release;
		};
		1F40DD8A2BB32F9E0068E00C /* Debug */ = {
			isa = XCBuildConfiguration;
			buildSettings = {
				ALWAYS_EMBED_SWIFT_STANDARD_LIBRARIES = YES;
				CODE_SIGN_STYLE = Automatic;
				CURRENT_PROJECT_VERSION = 1;
				DEVELOPMENT_TEAM = F3639MHLRN;
				GENERATE_INFOPLIST_FILE = YES;
				MARKETING_VERSION = 1.0;
				PRODUCT_BUNDLE_IDENTIFIER = "viorel.Space-ShooterUITests";
				PRODUCT_NAME = "$(TARGET_NAME)";
				SWIFT_EMIT_LOC_STRINGS = NO;
				SWIFT_VERSION = 5.0;
				TARGETED_DEVICE_FAMILY = "1,2";
				TEST_TARGET_NAME = "Space Shooter";
			};
			name = Debug;
		};
		1F40DD8B2BB32F9E0068E00C /* Release */ = {
			isa = XCBuildConfiguration;
			buildSettings = {
				ALWAYS_EMBED_SWIFT_STANDARD_LIBRARIES = YES;
				CODE_SIGN_STYLE = Automatic;
				CURRENT_PROJECT_VERSION = 1;
				DEVELOPMENT_TEAM = F3639MHLRN;
				GENERATE_INFOPLIST_FILE = YES;
				MARKETING_VERSION = 1.0;
				PRODUCT_BUNDLE_IDENTIFIER = "viorel.Space-ShooterUITests";
				PRODUCT_NAME = "$(TARGET_NAME)";
				SWIFT_EMIT_LOC_STRINGS = NO;
				SWIFT_VERSION = 5.0;
				TARGETED_DEVICE_FAMILY = "1,2";
				TEST_TARGET_NAME = "Space Shooter";
			};
			name = Release;
		};
/* End XCBuildConfiguration section */

/* Begin XCConfigurationList section */
		1F40DD512BB32F9C0068E00C /* Build configuration list for PBXProject "Space Shooter" */ = {
			isa = XCConfigurationList;
			buildConfigurations = (
				1F40DD812BB32F9E0068E00C /* Debug */,
				1F40DD822BB32F9E0068E00C /* Release */,
			);
			defaultConfigurationIsVisible = 0;
			defaultConfigurationName = Release;
		};
		1F40DD832BB32F9E0068E00C /* Build configuration list for PBXNativeTarget "Space Shooter" */ = {
			isa = XCConfigurationList;
			buildConfigurations = (
				1F40DD842BB32F9E0068E00C /* Debug */,
				1F40DD852BB32F9E0068E00C /* Release */,
			);
			defaultConfigurationIsVisible = 0;
			defaultConfigurationName = Release;
		};
		1F40DD862BB32F9E0068E00C /* Build configuration list for PBXNativeTarget "Space ShooterTests" */ = {
			isa = XCConfigurationList;
			buildConfigurations = (
				1F40DD872BB32F9E0068E00C /* Debug */,
				1F40DD882BB32F9E0068E00C /* Release */,
			);
			defaultConfigurationIsVisible = 0;
			defaultConfigurationName = Release;
		};
		1F40DD892BB32F9E0068E00C /* Build configuration list for PBXNativeTarget "Space ShooterUITests" */ = {
			isa = XCConfigurationList;
			buildConfigurations = (
				1F40DD8A2BB32F9E0068E00C /* Debug */,
				1F40DD8B2BB32F9E0068E00C /* Release */,
			);
			defaultConfigurationIsVisible = 0;
			defaultConfigurationName = Release;
		};
/* End XCConfigurationList section */
	};
	rootObject = 1F40DD4E2BB32F9C0068E00C /* Project object */;
}
